
Microsoft Visual Studio Solution File, Format Version 12.00
# Visual Studio Version 17
VisualStudioVersion = 17.7.34031.279
MinimumVisualStudioVersion = 10.0.40219.1
Project("{FAE04EC0-301F-11D3-BF4B-00C04F79EFBC}") = "Practica1PantallaBlanca", "Practica1PantallaBlanca\Practica1PantallaBlanca.csproj", "{4D6D4F1C-6EEC-4886-92C3-89ECE378ED50}"
EndProject
Global
	GlobalSection(SolutionConfigurationPlatforms) = preSolution
		Debug|Any CPU = Debug|Any CPU
		Release|Any CPU = Release|Any CPU
	EndGlobalSection
	GlobalSection(ProjectConfigurationPlatforms) = postSolution
		{4D6D4F1C-6EEC-4886-92C3-89ECE378ED50}.Debug|Any CPU.ActiveCfg = Debug|Any CPU
		{4D6D4F1C-6EEC-4886-92C3-89ECE378ED50}.Debug|Any CPU.Build.0 = Debug|Any CPU
		{4D6D4F1C-6EEC-4886-92C3-89ECE378ED50}.Release|Any CPU.ActiveCfg = Release|Any CPU
		{4D6D4F1C-6EEC-4886-92C3-89ECE378ED50}.Release|Any CPU.Build.0 = Release|Any CPU
	EndGlobalSection
	GlobalSection(SolutionProperties) = preSolution
		HideSolutionNode = FALSE
	EndGlobalSection
	GlobalSection(ExtensibilityGlobals) = postSolution
		SolutionGuid = {12F9E9F1-800E-4F21-BCF5-53C83FBF1B53}
	EndGlobalSection
EndGlobal
